// !$*UTF8*$!
{
	archiveVersion = 1;
	classes = {
	};
	objectVersion = 50;
	objects = {

/* Begin PBXBuildFile section */
		F803C3FB23FA1A190087F1AC /* CollectionViewFilters.swift in Sources */ = {isa = PBXBuildFile; fileRef = F803C3FA23FA1A190087F1AC /* CollectionViewFilters.swift */; };
		F803C3FD23FA22B60087F1AC /* FilteredVC.swift in Sources */ = {isa = PBXBuildFile; fileRef = F803C3FC23FA22B60087F1AC /* FilteredVC.swift */; };
		F84414AE23F49D0C00BCFAC6 /* AppDelegate.swift in Sources */ = {isa = PBXBuildFile; fileRef = F84414AD23F49D0C00BCFAC6 /* AppDelegate.swift */; };
		F84414B023F49D0C00BCFAC6 /* SceneDelegate.swift in Sources */ = {isa = PBXBuildFile; fileRef = F84414AF23F49D0C00BCFAC6 /* SceneDelegate.swift */; };
		F84414B523F49D0C00BCFAC6 /* Main.storyboard in Resources */ = {isa = PBXBuildFile; fileRef = F84414B323F49D0C00BCFAC6 /* Main.storyboard */; };
		F84414B723F49D0E00BCFAC6 /* Assets.xcassets in Resources */ = {isa = PBXBuildFile; fileRef = F84414B623F49D0E00BCFAC6 /* Assets.xcassets */; };
		F84414BA23F49D0E00BCFAC6 /* LaunchScreen.storyboard in Resources */ = {isa = PBXBuildFile; fileRef = F84414B823F49D0E00BCFAC6 /* LaunchScreen.storyboard */; };
		F84414CC23F4AA5700BCFAC6 /* Pokemon.swift in Sources */ = {isa = PBXBuildFile; fileRef = F84414C923F4AA5700BCFAC6 /* Pokemon.swift */; };
		F84414CD23F4AA5700BCFAC6 /* PokemonGenerator.swift in Sources */ = {isa = PBXBuildFile; fileRef = F84414CA23F4AA5700BCFAC6 /* PokemonGenerator.swift */; };
		F84414CE23F4B05800BCFAC6 /* pokemons.json in Resources */ = {isa = PBXBuildFile; fileRef = F84414CB23F4AA5700BCFAC6 /* pokemons.json */; };
		F84414D023F4BF1C00BCFAC6 /* CollectionViewVC.swift in Sources */ = {isa = PBXBuildFile; fileRef = F84414CF23F4BF1C00BCFAC6 /* CollectionViewVC.swift */; };
		F84414D223F4C01A00BCFAC6 /* CollectionViewCell.swift in Sources */ = {isa = PBXBuildFile; fileRef = F84414D123F4C01A00BCFAC6 /* CollectionViewCell.swift */; };
		F84414D423F4C33200BCFAC6 /* CollectionViewVC-CollectionViewProtocols.swift in Sources */ = {isa = PBXBuildFile; fileRef = F84414D323F4C33200BCFAC6 /* CollectionViewVC-CollectionViewProtocols.swift */; };
		F84414D823F60B5400BCFAC6 /* AttributesViewController.swift in Sources */ = {isa = PBXBuildFile; fileRef = F84414D723F60B5400BCFAC6 /* AttributesViewController.swift */; };
/* End PBXBuildFile section */

/* Begin PBXFileReference section */
		F803C3FA23FA1A190087F1AC /* CollectionViewFilters.swift */ = {isa = PBXFileReference; lastKnownFileType = sourcecode.swift; path = CollectionViewFilters.swift; sourceTree = "<group>"; };
		F803C3FC23FA22B60087F1AC /* FilteredVC.swift */ = {isa = PBXFileReference; lastKnownFileType = sourcecode.swift; path = FilteredVC.swift; sourceTree = "<group>"; };
		F84414AA23F49D0C00BCFAC6 /* MDB_Pokedex.app */ = {isa = PBXFileReference; explicitFileType = wrapper.application; includeInIndex = 0; path = MDB_Pokedex.app; sourceTree = BUILT_PRODUCTS_DIR; };
		F84414AD23F49D0C00BCFAC6 /* AppDelegate.swift */ = {isa = PBXFileReference; lastKnownFileType = sourcecode.swift; path = AppDelegate.swift; sourceTree = "<group>"; };
		F84414AF23F49D0C00BCFAC6 /* SceneDelegate.swift */ = {isa = PBXFileReference; lastKnownFileType = sourcecode.swift; path = SceneDelegate.swift; sourceTree = "<group>"; };
		F84414B423F49D0C00BCFAC6 /* Base */ = {isa = PBXFileReference; lastKnownFileType = file.storyboard; name = Base; path = Base.lproj/Main.storyboard; sourceTree = "<group>"; };
		F84414B623F49D0E00BCFAC6 /* Assets.xcassets */ = {isa = PBXFileReference; lastKnownFileType = folder.assetcatalog; path = Assets.xcassets; sourceTree = "<group>"; };
		F84414B923F49D0E00BCFAC6 /* Base */ = {isa = PBXFileReference; lastKnownFileType = file.storyboard; name = Base; path = Base.lproj/LaunchScreen.storyboard; sourceTree = "<group>"; };
		F84414BB23F49D0E00BCFAC6 /* Info.plist */ = {isa = PBXFileReference; lastKnownFileType = text.plist.xml; path = Info.plist; sourceTree = "<group>"; };
		F84414C923F4AA5700BCFAC6 /* Pokemon.swift */ = {isa = PBXFileReference; lastKnownFileType = sourcecode.swift; path = Pokemon.swift; sourceTree = "<group>"; };
		F84414CA23F4AA5700BCFAC6 /* PokemonGenerator.swift */ = {isa = PBXFileReference; lastKnownFileType = sourcecode.swift; path = PokemonGenerator.swift; sourceTree = "<group>"; };
		F84414CB23F4AA5700BCFAC6 /* pokemons.json */ = {isa = PBXFileReference; lastKnownFileType = text.json; path = pokemons.json; sourceTree = "<group>"; };
		F84414CF23F4BF1C00BCFAC6 /* CollectionViewVC.swift */ = {isa = PBXFileReference; lastKnownFileType = sourcecode.swift; path = CollectionViewVC.swift; sourceTree = "<group>"; };
		F84414D123F4C01A00BCFAC6 /* CollectionViewCell.swift */ = {isa = PBXFileReference; lastKnownFileType = sourcecode.swift; path = CollectionViewCell.swift; sourceTree = "<group>"; };
		F84414D323F4C33200BCFAC6 /* CollectionViewVC-CollectionViewProtocols.swift */ = {isa = PBXFileReference; lastKnownFileType = sourcecode.swift; path = "CollectionViewVC-CollectionViewProtocols.swift"; sourceTree = "<group>"; };
		F84414D723F60B5400BCFAC6 /* AttributesViewController.swift */ = {isa = PBXFileReference; lastKnownFileType = sourcecode.swift; path = AttributesViewController.swift; sourceTree = "<group>"; };
/* End PBXFileReference section */

/* Begin PBXFrameworksBuildPhase section */
		F84414A723F49D0C00BCFAC6 /* Frameworks */ = {
			isa = PBXFrameworksBuildPhase;
			buildActionMask = 2147483647;
			files = (
			);
			runOnlyForDeploymentPostprocessing = 0;
		};
/* End PBXFrameworksBuildPhase section */

/* Begin PBXGroup section */
		F84414A123F49D0C00BCFAC6 = {
			isa = PBXGroup;
			children = (
				F84414AC23F49D0C00BCFAC6 /* MDB_Pokedex */,
				F84414AB23F49D0C00BCFAC6 /* Products */,
			);
			sourceTree = "<group>";
		};
		F84414AB23F49D0C00BCFAC6 /* Products */ = {
			isa = PBXGroup;
			children = (
				F84414AA23F49D0C00BCFAC6 /* MDB_Pokedex.app */,
			);
			name = Products;
			sourceTree = "<group>";
		};
		F84414AC23F49D0C00BCFAC6 /* MDB_Pokedex */ = {
			isa = PBXGroup;
			children = (
				F84414DB23F6286200BCFAC6 /* View */,
				F84414DA23F6283200BCFAC6 /* Controller */,
				F84414D923F6280200BCFAC6 /* Model */,
				F84414B323F49D0C00BCFAC6 /* Main.storyboard */,
				F84414B623F49D0E00BCFAC6 /* Assets.xcassets */,
				F84414B823F49D0E00BCFAC6 /* LaunchScreen.storyboard */,
				F84414BB23F49D0E00BCFAC6 /* Info.plist */,
			);
			path = MDB_Pokedex;
			sourceTree = "<group>";
		};
		F84414D923F6280200BCFAC6 /* Model */ = {
			isa = PBXGroup;
			children = (
				F803C3FA23FA1A190087F1AC /* CollectionViewFilters.swift */,
				F84414C923F4AA5700BCFAC6 /* Pokemon.swift */,
				F84414CA23F4AA5700BCFAC6 /* PokemonGenerator.swift */,
				F84414CB23F4AA5700BCFAC6 /* pokemons.json */,
			);
			path = Model;
			sourceTree = "<group>";
		};
		F84414DA23F6283200BCFAC6 /* Controller */ = {
			isa = PBXGroup;
			children = (
				F84414AD23F49D0C00BCFAC6 /* AppDelegate.swift */,
				F84414AF23F49D0C00BCFAC6 /* SceneDelegate.swift */,
				F84414CF23F4BF1C00BCFAC6 /* CollectionViewVC.swift */,
				F84414D723F60B5400BCFAC6 /* AttributesViewController.swift */,
				F84414D323F4C33200BCFAC6 /* CollectionViewVC-CollectionViewProtocols.swift */,
				F803C3FC23FA22B60087F1AC /* FilteredVC.swift */,
			);
			path = Controller;
			sourceTree = "<group>";
		};
		F84414DB23F6286200BCFAC6 /* View */ = {
			isa = PBXGroup;
			children = (
				F84414D123F4C01A00BCFAC6 /* CollectionViewCell.swift */,
			);
			path = View;
			sourceTree = "<group>";
		};
/* End PBXGroup section */

/* Begin PBXNativeTarget section */
		F84414A923F49D0C00BCFAC6 /* MDB_Pokedex */ = {
			isa = PBXNativeTarget;
			buildConfigurationList = F84414BE23F49D0E00BCFAC6 /* Build configuration list for PBXNativeTarget "MDB_Pokedex" */;
			buildPhases = (
				F84414A623F49D0C00BCFAC6 /* Sources */,
				F84414A723F49D0C00BCFAC6 /* Frameworks */,
				F84414A823F49D0C00BCFAC6 /* Resources */,
			);
			buildRules = (
			);
			dependencies = (
			);
			name = MDB_Pokedex;
			productName = MDB_Pokedex;
			productReference = F84414AA23F49D0C00BCFAC6 /* MDB_Pokedex.app */;
			productType = "com.apple.product-type.application";
		};
/* End PBXNativeTarget section */

/* Begin PBXProject section */
		F84414A223F49D0C00BCFAC6 /* Project object */ = {
			isa = PBXProject;
			attributes = {
				LastSwiftUpdateCheck = 1130;
				LastUpgradeCheck = 1130;
				ORGANIZATIONNAME = "Rini Vasan";
				TargetAttributes = {
					F84414A923F49D0C00BCFAC6 = {
						CreatedOnToolsVersion = 11.3.1;
					};
				};
			};
			buildConfigurationList = F84414A523F49D0C00BCFAC6 /* Build configuration list for PBXProject "MDB_Pokedex" */;
			compatibilityVersion = "Xcode 9.3";
			developmentRegion = en;
			hasScannedForEncodings = 0;
			knownRegions = (
				en,
				Base,
			);
			mainGroup = F84414A123F49D0C00BCFAC6;
			productRefGroup = F84414AB23F49D0C00BCFAC6 /* Products */;
			projectDirPath = "";
			projectRoot = "";
			targets = (
				F84414A923F49D0C00BCFAC6 /* MDB_Pokedex */,
			);
		};
/* End PBXProject section */

/* Begin PBXResourcesBuildPhase section */
		F84414A823F49D0C00BCFAC6 /* Resources */ = {
			isa = PBXResourcesBuildPhase;
			buildActionMask = 2147483647;
			files = (
				F84414CE23F4B05800BCFAC6 /* pokemons.json in Resources */,
				F84414BA23F49D0E00BCFAC6 /* LaunchScreen.storyboard in Resources */,
				F84414B723F49D0E00BCFAC6 /* Assets.xcassets in Resources */,
				F84414B523F49D0C00BCFAC6 /* Main.storyboard in Resources */,
			);
			runOnlyForDeploymentPostprocessing = 0;
		};
/* End PBXResourcesBuildPhase section */

/* Begin PBXSourcesBuildPhase section */
		F84414A623F49D0C00BCFAC6 /* Sources */ = {
			isa = PBXSourcesBuildPhase;
			buildActionMask = 2147483647;
			files = (
				F84414D223F4C01A00BCFAC6 /* CollectionViewCell.swift in Sources */,
				F84414CC23F4AA5700BCFAC6 /* Pokemon.swift in Sources */,
				F803C3FB23FA1A190087F1AC /* CollectionViewFilters.swift in Sources */,
				F803C3FD23FA22B60087F1AC /* FilteredVC.swift in Sources */,
				F84414CD23F4AA5700BCFAC6 /* PokemonGenerator.swift in Sources */,
				F84414D423F4C33200BCFAC6 /* CollectionViewVC-CollectionViewProtocols.swift in Sources */,
				F84414AE23F49D0C00BCFAC6 /* AppDelegate.swift in Sources */,
				F84414B023F49D0C00BCFAC6 /* SceneDelegate.swift in Sources */,
				F84414D023F4BF1C00BCFAC6 /* CollectionViewVC.swift in Sources */,
				F84414D823F60B5400BCFAC6 /* AttributesViewController.swift in Sources */,
			);
			runOnlyForDeploymentPostprocessing = 0;
		};
/* End PBXSourcesBuildPhase section */

/* Begin PBXVariantGroup section */
		F84414B323F49D0C00BCFAC6 /* Main.storyboard */ = {
			isa = PBXVariantGroup;
			children = (
				F84414B423F49D0C00BCFAC6 /* Base */,
			);
			name = Main.storyboard;
			sourceTree = "<group>";
		};
		F84414B823F49D0E00BCFAC6 /* LaunchScreen.storyboard */ = {
			isa = PBXVariantGroup;
			children = (
				F84414B923F49D0E00BCFAC6 /* Base */,
			);
			name = LaunchScreen.storyboard;
			sourceTree = "<group>";
		};
/* End PBXVariantGroup section */

/* Begin XCBuildConfiguration section */
		F84414BC23F49D0E00BCFAC6 /* Debug */ = {
			isa = XCBuildConfiguration;
			buildSettings = {
				ALWAYS_SEARCH_USER_PATHS = NO;
				CLANG_ANALYZER_NONNULL = YES;
				CLANG_ANALYZER_NUMBER_OBJECT_CONVERSION = YES_AGGRESSIVE;
				CLANG_CXX_LANGUAGE_STANDARD = "gnu++14";
				CLANG_CXX_LIBRARY = "libc++";
				CLANG_ENABLE_MODULES = YES;
				CLANG_ENABLE_OBJC_ARC = YES;
				CLANG_ENABLE_OBJC_WEAK = YES;
				CLANG_WARN_BLOCK_CAPTURE_AUTORELEASING = YES;
				CLANG_WARN_BOOL_CONVERSION = YES;
				CLANG_WARN_COMMA = YES;
				CLANG_WARN_CONSTANT_CONVERSION = YES;
				CLANG_WARN_DEPRECATED_OBJC_IMPLEMENTATIONS = YES;
				CLANG_WARN_DIRECT_OBJC_ISA_USAGE = YES_ERROR;
				CLANG_WARN_DOCUMENTATION_COMMENTS = YES;
				CLANG_WARN_EMPTY_BODY = YES;
				CLANG_WARN_ENUM_CONVERSION = YES;
				CLANG_WARN_INFINITE_RECURSION = YES;
				CLANG_WARN_INT_CONVERSION = YES;
				CLANG_WARN_NON_LITERAL_NULL_CONVERSION = YES;
				CLANG_WARN_OBJC_IMPLICIT_RETAIN_SELF = YES;
				CLANG_WARN_OBJC_LITERAL_CONVERSION = YES;
				CLANG_WARN_OBJC_ROOT_CLASS = YES_ERROR;
				CLANG_WARN_RANGE_LOOP_ANALYSIS = YES;
				CLANG_WARN_STRICT_PROTOTYPES = YES;
				CLANG_WARN_SUSPICIOUS_MOVE = YES;
				CLANG_WARN_UNGUARDED_AVAILABILITY = YES_AGGRESSIVE;
				CLANG_WARN_UNREACHABLE_CODE = YES;
				CLANG_WARN__DUPLICATE_METHOD_MATCH = YES;
				COPY_PHASE_STRIP = NO;
				DEBUG_INFORMATION_FORMAT = dwarf;
				ENABLE_STRICT_OBJC_MSGSEND = YES;
				ENABLE_TESTABILITY = YES;
				GCC_C_LANGUAGE_STANDARD = gnu11;
				GCC_DYNAMIC_NO_PIC = NO;
				GCC_NO_COMMON_BLOCKS = YES;
				GCC_OPTIMIZATION_LEVEL = 0;
				GCC_PREPROCESSOR_DEFINITIONS = (
					"DEBUG=1",
					"$(inherited)",
				);
				GCC_WARN_64_TO_32_BIT_CONVERSION = YES;
				GCC_WARN_ABOUT_RETURN_TYPE = YES_ERROR;
				GCC_WARN_UNDECLARED_SELECTOR = YES;
				GCC_WARN_UNINITIALIZED_AUTOS = YES_AGGRESSIVE;
				GCC_WARN_UNUSED_FUNCTION = YES;
				GCC_WARN_UNUSED_VARIABLE = YES;
				IPHONEOS_DEPLOYMENT_TARGET = 13.2;
				MTL_ENABLE_DEBUG_INFO = INCLUDE_SOURCE;
				MTL_FAST_MATH = YES;
				ONLY_ACTIVE_ARCH = YES;
				SDKROOT = iphoneos;
				SWIFT_ACTIVE_COMPILATION_CONDITIONS = DEBUG;
				SWIFT_OPTIMIZATION_LEVEL = "-Onone";
			};
			name = Debug;
		};
		F84414BD23F49D0E00BCFAC6 /* Release */ = {
			isa = XCBuildConfiguration;
			buildSettings = {
				ALWAYS_SEARCH_USER_PATHS = NO;
				CLANG_ANALYZER_NONNULL = YES;
				CLANG_ANALYZER_NUMBER_OBJECT_CONVERSION = YES_AGGRESSIVE;
				CLANG_CXX_LANGUAGE_STANDARD = "gnu++14";
				CLANG_CXX_LIBRARY = "libc++";
				CLANG_ENABLE_MODULES = YES;
				CLANG_ENABLE_OBJC_ARC = YES;
				CLANG_ENABLE_OBJC_WEAK = YES;
				CLANG_WARN_BLOCK_CAPTURE_AUTORELEASING = YES;
				CLANG_WARN_BOOL_CONVERSION = YES;
				CLANG_WARN_COMMA = YES;
				CLANG_WARN_CONSTANT_CONVERSION = YES;
				CLANG_WARN_DEPRECATED_OBJC_IMPLEMENTATIONS = YES;
				CLANG_WARN_DIRECT_OBJC_ISA_USAGE = YES_ERROR;
				CLANG_WARN_DOCUMENTATION_COMMENTS = YES;
				CLANG_WARN_EMPTY_BODY = YES;
				CLANG_WARN_ENUM_CONVERSION = YES;
				CLANG_WARN_INFINITE_RECURSION = YES;
				CLANG_WARN_INT_CONVERSION = YES;
				CLANG_WARN_NON_LITERAL_NULL_CONVERSION = YES;
				CLANG_WARN_OBJC_IMPLICIT_RETAIN_SELF = YES;
				CLANG_WARN_OBJC_LITERAL_CONVERSION = YES;
				CLANG_WARN_OBJC_ROOT_CLASS = YES_ERROR;
				CLANG_WARN_RANGE_LOOP_ANALYSIS = YES;
				CLANG_WARN_STRICT_PROTOTYPES = YES;
				CLANG_WARN_SUSPICIOUS_MOVE = YES;
				CLANG_WARN_UNGUARDED_AVAILABILITY = YES_AGGRESSIVE;
				CLANG_WARN_UNREACHABLE_CODE = YES;
				CLANG_WARN__DUPLICATE_METHOD_MATCH = YES;
				COPY_PHASE_STRIP = NO;
				DEBUG_INFORMATION_FORMAT = "dwarf-with-dsym";
				ENABLE_NS_ASSERTIONS = NO;
				ENABLE_STRICT_OBJC_MSGSEND = YES;
				GCC_C_LANGUAGE_STANDARD = gnu11;
				GCC_NO_COMMON_BLOCKS = YES;
				GCC_WARN_64_TO_32_BIT_CONVERSION = YES;
				GCC_WARN_ABOUT_RETURN_TYPE = YES_ERROR;
				GCC_WARN_UNDECLARED_SELECTOR = YES;
				GCC_WARN_UNINITIALIZED_AUTOS = YES_AGGRESSIVE;
				GCC_WARN_UNUSED_FUNCTION = YES;
				GCC_WARN_UNUSED_VARIABLE = YES;
				IPHONEOS_DEPLOYMENT_TARGET = 13.2;
				MTL_ENABLE_DEBUG_INFO = NO;
				MTL_FAST_MATH = YES;
				SDKROOT = iphoneos;
				SWIFT_COMPILATION_MODE = wholemodule;
				SWIFT_OPTIMIZATION_LEVEL = "-O";
				VALIDATE_PRODUCT = YES;
			};
			name = Release;
		};
		F84414BF23F49D0E00BCFAC6 /* Debug */ = {
			isa = XCBuildConfiguration;
			buildSettings = {
				ASSETCATALOG_COMPILER_APPICON_NAME = AppIcon;
				CODE_SIGN_STYLE = Automatic;
				INFOPLIST_FILE = MDB_Pokedex/Info.plist;
				LD_RUNPATH_SEARCH_PATHS = (
					"$(inherited)",
					"@executable_path/Frameworks",
				);
				PRODUCT_BUNDLE_IDENTIFIER = "MDB.MDB-Pokedex";
				PRODUCT_NAME = "$(TARGET_NAME)";
				SWIFT_VERSION = 5.0;
				TARGETED_DEVICE_FAMILY = "1,2";
			};
			name = Debug;
		};
		F84414C023F49D0E00BCFAC6 /* Release */ = {
			isa = XCBuildConfiguration;
			buildSettings = {
				ASSETCATALOG_COMPILER_APPICON_NAME = AppIcon;
				CODE_SIGN_STYLE = Automatic;
				INFOPLIST_FILE = MDB_Pokedex/Info.plist;
				LD_RUNPATH_SEARCH_PATHS = (
					"$(inherited)",
					"@executable_path/Frameworks",
				);
				PRODUCT_BUNDLE_IDENTIFIER = "MDB.MDB-Pokedex";
				PRODUCT_NAME = "$(TARGET_NAME)";
				SWIFT_VERSION = 5.0;
				TARGETED_DEVICE_FAMILY = "1,2";
			};
			name = Release;
		};
/* End XCBuildConfiguration section */

/* Begin XCConfigurationList section */
		F84414A523F49D0C00BCFAC6 /* Build configuration list for PBXProject "MDB_Pokedex" */ = {
			isa = XCConfigurationList;
			buildConfigurations = (
				F84414BC23F49D0E00BCFAC6 /* Debug */,
				F84414BD23F49D0E00BCFAC6 /* Release */,
			);
			defaultConfigurationIsVisible = 0;
			defaultConfigurationName = Release;
		};
		F84414BE23F49D0E00BCFAC6 /* Build configuration list for PBXNativeTarget "MDB_Pokedex" */ = {
			isa = XCConfigurationList;
			buildConfigurations = (
				F84414BF23F49D0E00BCFAC6 /* Debug */,
				F84414C023F49D0E00BCFAC6 /* Release */,
			);
			defaultConfigurationIsVisible = 0;
			defaultConfigurationName = Release;
		};
/* End XCConfigurationList section */
	};
	rootObject = F84414A223F49D0C00BCFAC6 /* Project object */;
}
